{
  "name": "bubbles",
  "version": "1.0.0",
  "lockfileVersion": 1,
  "requires": true,
  "dependencies": {
    "babylonjs": {
      "version": "3.1.0-alpha3.6",
      "resolved": "https://registry.npmjs.org/babylonjs/-/babylonjs-3.1.0-alpha3.6.tgz",
      "integrity": "sha512-gAniqAiHorhv8q4gE8MBNTJF3hAgyZKQS857xuNjnaHNunBzyMDA1nEcH7qJ1PvO/sS0TmyJ6bcl8qnUuf24bw==",
      "dev": true,
      "requires": {
        "cannon": "0.6.2"
      }
    },
    "cannon": {
      "version": "0.6.2",
      "resolved": "https://registry.npmjs.org/cannon/-/cannon-0.6.2.tgz",
      "integrity": "sha1-HnvHLdWEGYLzwQTCvFeL+k+xxXI=",
      "dev": true
    }
  }
}
